
Microsoft Visual Studio Solution File, Format Version 12.00
# Visual Studio Version 17
VisualStudioVersion = 17.11.35222.181
MinimumVisualStudioVersion = 10.0.40219.1
Project("{FAE04EC0-301F-11D3-BF4B-00C04F79EFBC}") = "yemeksepet", "yemeksepet\yemeksepet.csproj", "{3F5703E6-0D3F-4ECF-9162-BE4B77A9EECB}"
EndProject
Global
	GlobalSection(SolutionConfigurationPlatforms) = preSolution
		Debug|Any CPU = Debug|Any CPU
		Release|Any CPU = Release|Any CPU
	EndGlobalSection
	GlobalSection(ProjectConfigurationPlatforms) = postSolution
		{3F5703E6-0D3F-4ECF-9162-BE4B77A9EECB}.Debug|Any CPU.ActiveCfg = Debug|Any CPU
		{3F5703E6-0D3F-4ECF-9162-BE4B77A9EECB}.Debug|Any CPU.Build.0 = Debug|Any CPU
		{3F5703E6-0D3F-4ECF-9162-BE4B77A9EECB}.Release|Any CPU.ActiveCfg = Release|Any CPU
		{3F5703E6-0D3F-4ECF-9162-BE4B77A9EECB}.Release|Any CPU.Build.0 = Release|Any CPU
	EndGlobalSection
	GlobalSection(SolutionProperties) = preSolution
		HideSolutionNode = FALSE
	EndGlobalSection
	GlobalSection(ExtensibilityGlobals) = postSolution
		SolutionGuid = {51F899AF-0CB3-4A5E-9D77-0B4053CF53DF}
	EndGlobalSection
EndGlobal
